// !$*UTF8*$!
{
	archiveVersion = 1;
	classes = {
	};
	objectVersion = 46;
	objects = {

/* Begin PBXBuildFile section */
<<<<<<< HEAD
		444095021BC5D5CB003D6D14 /* main.m in Sources */ = {isa = PBXBuildFile; fileRef = 444095011BC5D5CB003D6D14 /* main.m */; };
		4440955F1BC5D684003D6D14 /* Default-568h@2x.png in Resources */ = {isa = PBXBuildFile; fileRef = 444095391BC5D683003D6D14 /* Default-568h@2x.png */; settings = {ASSET_TAGS = (); }; };
		444095601BC5D684003D6D14 /* FrontViewController.xib in Resources */ = {isa = PBXBuildFile; fileRef = 4440953B1BC5D683003D6D14 /* FrontViewController.xib */; settings = {ASSET_TAGS = (); }; };
		444095611BC5D684003D6D14 /* InfoPlist.strings in Resources */ = {isa = PBXBuildFile; fileRef = 4440953D1BC5D683003D6D14 /* InfoPlist.strings */; settings = {ASSET_TAGS = (); }; };
		444095621BC5D684003D6D14 /* MapViewController.xib in Resources */ = {isa = PBXBuildFile; fileRef = 4440953F1BC5D683003D6D14 /* MapViewController.xib */; settings = {ASSET_TAGS = (); }; };
		444095631BC5D684003D6D14 /* RearViewController.xib in Resources */ = {isa = PBXBuildFile; fileRef = 444095411BC5D683003D6D14 /* RearViewController.xib */; settings = {ASSET_TAGS = (); }; };
		444095641BC5D684003D6D14 /* FrontViewController.m in Sources */ = {isa = PBXBuildFile; fileRef = 444095441BC5D683003D6D14 /* FrontViewController.m */; settings = {ASSET_TAGS = (); }; };
		444095651BC5D684003D6D14 /* MapViewController.m in Sources */ = {isa = PBXBuildFile; fileRef = 444095461BC5D683003D6D14 /* MapViewController.m */; settings = {ASSET_TAGS = (); }; };
		444095661BC5D684003D6D14 /* RearViewController.m in Sources */ = {isa = PBXBuildFile; fileRef = 444095491BC5D684003D6D14 /* RearViewController.m */; settings = {ASSET_TAGS = (); }; };
		444095671BC5D684003D6D14 /* 21-skull.png in Resources */ = {isa = PBXBuildFile; fileRef = 4440954B1BC5D684003D6D14 /* 21-skull.png */; settings = {ASSET_TAGS = (); }; };
		444095681BC5D684003D6D14 /* 21-skull@2x.png in Resources */ = {isa = PBXBuildFile; fileRef = 4440954C1BC5D684003D6D14 /* 21-skull@2x.png */; settings = {ASSET_TAGS = (); }; };
		444095691BC5D684003D6D14 /* 24-gift.png in Resources */ = {isa = PBXBuildFile; fileRef = 4440954D1BC5D684003D6D14 /* 24-gift.png */; settings = {ASSET_TAGS = (); }; };
		4440956A1BC5D684003D6D14 /* 24-gift@2x.png in Resources */ = {isa = PBXBuildFile; fileRef = 4440954E1BC5D684003D6D14 /* 24-gift@2x.png */; settings = {ASSET_TAGS = (); }; };
		4440956B1BC5D684003D6D14 /* 28-star.png in Resources */ = {isa = PBXBuildFile; fileRef = 4440954F1BC5D684003D6D14 /* 28-star.png */; settings = {ASSET_TAGS = (); }; };
		4440956C1BC5D684003D6D14 /* 28-star@2x.png in Resources */ = {isa = PBXBuildFile; fileRef = 444095501BC5D684003D6D14 /* 28-star@2x.png */; settings = {ASSET_TAGS = (); }; };
		4440956D1BC5D684003D6D14 /* 29-heart.png in Resources */ = {isa = PBXBuildFile; fileRef = 444095511BC5D684003D6D14 /* 29-heart.png */; settings = {ASSET_TAGS = (); }; };
		4440956E1BC5D684003D6D14 /* 29-heart@2x.png in Resources */ = {isa = PBXBuildFile; fileRef = 444095521BC5D684003D6D14 /* 29-heart@2x.png */; settings = {ASSET_TAGS = (); }; };
		4440956F1BC5D684003D6D14 /* 31-ipod.png in Resources */ = {isa = PBXBuildFile; fileRef = 444095531BC5D684003D6D14 /* 31-ipod.png */; settings = {ASSET_TAGS = (); }; };
		444095701BC5D684003D6D14 /* 31-ipod@2x.png in Resources */ = {isa = PBXBuildFile; fileRef = 444095541BC5D684003D6D14 /* 31-ipod@2x.png */; settings = {ASSET_TAGS = (); }; };
		444095711BC5D684003D6D14 /* 38-airplane.png in Resources */ = {isa = PBXBuildFile; fileRef = 444095551BC5D684003D6D14 /* 38-airplane.png */; settings = {ASSET_TAGS = (); }; };
		444095721BC5D684003D6D14 /* 38-airplane@2x.png in Resources */ = {isa = PBXBuildFile; fileRef = 444095561BC5D684003D6D14 /* 38-airplane@2x.png */; settings = {ASSET_TAGS = (); }; };
		444095731BC5D684003D6D14 /* bg_blocks.jpg in Resources */ = {isa = PBXBuildFile; fileRef = 444095571BC5D684003D6D14 /* bg_blocks.jpg */; settings = {ASSET_TAGS = (); }; };
		444095741BC5D684003D6D14 /* bg_flowers.jpg in Resources */ = {isa = PBXBuildFile; fileRef = 444095581BC5D684003D6D14 /* bg_flowers.jpg */; settings = {ASSET_TAGS = (); }; };
		444095751BC5D684003D6D14 /* bg_grass.jpg in Resources */ = {isa = PBXBuildFile; fileRef = 444095591BC5D684003D6D14 /* bg_grass.jpg */; settings = {ASSET_TAGS = (); }; };
		444095761BC5D684003D6D14 /* reveal-icon.png in Resources */ = {isa = PBXBuildFile; fileRef = 4440955A1BC5D684003D6D14 /* reveal-icon.png */; settings = {ASSET_TAGS = (); }; };
		444095771BC5D684003D6D14 /* reveal-icon@2x.png in Resources */ = {isa = PBXBuildFile; fileRef = 4440955B1BC5D684003D6D14 /* reveal-icon@2x.png */; settings = {ASSET_TAGS = (); }; };
		4440957C1BC5D737003D6D14 /* SWRevealViewController.m in Sources */ = {isa = PBXBuildFile; fileRef = 4440957B1BC5D737003D6D14 /* SWRevealViewController.m */; settings = {ASSET_TAGS = (); }; };
		4440957F1BC5DA41003D6D14 /* AppDelegate.m in Sources */ = {isa = PBXBuildFile; fileRef = 4440957E1BC5DA41003D6D14 /* AppDelegate.m */; settings = {ASSET_TAGS = (); }; };
/* End PBXBuildFile section */

/* Begin PBXContainerItemProxy section */
		444095171BC5D5CB003D6D14 /* PBXContainerItemProxy */ = {
			isa = PBXContainerItemProxy;
			containerPortal = 444094F51BC5D5CB003D6D14 /* Project object */;
			proxyType = 1;
			remoteGlobalIDString = 444094FC1BC5D5CB003D6D14;
			remoteInfo = FTW;
		};
		444095221BC5D5CB003D6D14 /* PBXContainerItemProxy */ = {
			isa = PBXContainerItemProxy;
			containerPortal = 444094F51BC5D5CB003D6D14 /* Project object */;
			proxyType = 1;
			remoteGlobalIDString = 444094FC1BC5D5CB003D6D14;
=======
		4458E91C1BA1D4680091256E /* main.m in Sources */ = {isa = PBXBuildFile; fileRef = 4458E91B1BA1D4680091256E /* main.m */; };
		4458E91F1BA1D4680091256E /* AppDelegate.m in Sources */ = {isa = PBXBuildFile; fileRef = 4458E91E1BA1D4680091256E /* AppDelegate.m */; };
		4458E9221BA1D4680091256E /* ViewController.m in Sources */ = {isa = PBXBuildFile; fileRef = 4458E9211BA1D4680091256E /* ViewController.m */; };
		4458E9271BA1D4680091256E /* Images.xcassets in Resources */ = {isa = PBXBuildFile; fileRef = 4458E9261BA1D4680091256E /* Images.xcassets */; };
		4458E92A1BA1D4680091256E /* LaunchScreen.xib in Resources */ = {isa = PBXBuildFile; fileRef = 4458E9281BA1D4680091256E /* LaunchScreen.xib */; };
		4458E9361BA1D4680091256E /* FTWTests.m in Sources */ = {isa = PBXBuildFile; fileRef = 4458E9351BA1D4680091256E /* FTWTests.m */; };
		4458E9411BA1D6DA0091256E /* splash.png in Resources */ = {isa = PBXBuildFile; fileRef = 4458E9401BA1D6DA0091256E /* splash.png */; };
/* End PBXBuildFile section */

/* Begin PBXContainerItemProxy section */
		4458E9301BA1D4680091256E /* PBXContainerItemProxy */ = {
			isa = PBXContainerItemProxy;
			containerPortal = 4458E90E1BA1D4680091256E /* Project object */;
			proxyType = 1;
			remoteGlobalIDString = 4458E9151BA1D4680091256E;
>>>>>>> 92b589cad741fe021f91b4578923dd5281f18d93
			remoteInfo = FTW;
		};
/* End PBXContainerItemProxy section */

/* Begin PBXFileReference section */
<<<<<<< HEAD
		444094FD1BC5D5CB003D6D14 /* FTW.app */ = {isa = PBXFileReference; explicitFileType = wrapper.application; includeInIndex = 0; path = FTW.app; sourceTree = BUILT_PRODUCTS_DIR; };
		444095011BC5D5CB003D6D14 /* main.m */ = {isa = PBXFileReference; lastKnownFileType = sourcecode.c.objc; path = main.m; sourceTree = "<group>"; };
		444095111BC5D5CB003D6D14 /* Info.plist */ = {isa = PBXFileReference; lastKnownFileType = text.plist.xml; path = Info.plist; sourceTree = "<group>"; };
		444095161BC5D5CB003D6D14 /* FTWTests.xctest */ = {isa = PBXFileReference; explicitFileType = wrapper.cfbundle; includeInIndex = 0; path = FTWTests.xctest; sourceTree = BUILT_PRODUCTS_DIR; };
		444095211BC5D5CB003D6D14 /* FTWUITests.xctest */ = {isa = PBXFileReference; explicitFileType = wrapper.cfbundle; includeInIndex = 0; path = FTWUITests.xctest; sourceTree = BUILT_PRODUCTS_DIR; };
		444095361BC5D683003D6D14 /* Base */ = {isa = PBXFileReference; lastKnownFileType = file.storyboard; name = Base; path = LaunchScreen.storyboard; sourceTree = "<group>"; };
		444095381BC5D683003D6D14 /* Base */ = {isa = PBXFileReference; lastKnownFileType = file.storyboard; name = Base; path = Main.storyboard; sourceTree = "<group>"; };
		444095391BC5D683003D6D14 /* Default-568h@2x.png */ = {isa = PBXFileReference; lastKnownFileType = image.png; path = "Default-568h@2x.png"; sourceTree = "<group>"; };
		4440953C1BC5D683003D6D14 /* en */ = {isa = PBXFileReference; lastKnownFileType = file.xib; name = en; path = FrontViewController.xib; sourceTree = "<group>"; };
		4440953E1BC5D683003D6D14 /* en */ = {isa = PBXFileReference; lastKnownFileType = text.plist.strings; name = en; path = InfoPlist.strings; sourceTree = "<group>"; };
		444095401BC5D683003D6D14 /* en */ = {isa = PBXFileReference; lastKnownFileType = file.xib; name = en; path = MapViewController.xib; sourceTree = "<group>"; };
		444095421BC5D683003D6D14 /* en */ = {isa = PBXFileReference; lastKnownFileType = file.xib; name = en; path = RearViewController.xib; sourceTree = "<group>"; };
		444095431BC5D683003D6D14 /* FrontViewController.h */ = {isa = PBXFileReference; fileEncoding = 4; lastKnownFileType = sourcecode.c.h; path = FrontViewController.h; sourceTree = "<group>"; };
		444095441BC5D683003D6D14 /* FrontViewController.m */ = {isa = PBXFileReference; fileEncoding = 4; lastKnownFileType = sourcecode.c.objc; path = FrontViewController.m; sourceTree = "<group>"; };
		444095451BC5D683003D6D14 /* MapViewController.h */ = {isa = PBXFileReference; fileEncoding = 4; lastKnownFileType = sourcecode.c.h; path = MapViewController.h; sourceTree = "<group>"; };
		444095461BC5D683003D6D14 /* MapViewController.m */ = {isa = PBXFileReference; fileEncoding = 4; lastKnownFileType = sourcecode.c.objc; path = MapViewController.m; sourceTree = "<group>"; };
		444095471BC5D683003D6D14 /* Project-Prefix.pch */ = {isa = PBXFileReference; fileEncoding = 4; lastKnownFileType = sourcecode.c.h; path = "Project-Prefix.pch"; sourceTree = "<group>"; };
		444095481BC5D683003D6D14 /* RearViewController.h */ = {isa = PBXFileReference; fileEncoding = 4; lastKnownFileType = sourcecode.c.h; path = RearViewController.h; sourceTree = "<group>"; };
		444095491BC5D684003D6D14 /* RearViewController.m */ = {isa = PBXFileReference; fileEncoding = 4; lastKnownFileType = sourcecode.c.objc; path = RearViewController.m; sourceTree = "<group>"; };
		4440954B1BC5D684003D6D14 /* 21-skull.png */ = {isa = PBXFileReference; lastKnownFileType = image.png; path = "21-skull.png"; sourceTree = "<group>"; };
		4440954C1BC5D684003D6D14 /* 21-skull@2x.png */ = {isa = PBXFileReference; lastKnownFileType = image.png; path = "21-skull@2x.png"; sourceTree = "<group>"; };
		4440954D1BC5D684003D6D14 /* 24-gift.png */ = {isa = PBXFileReference; lastKnownFileType = image.png; path = "24-gift.png"; sourceTree = "<group>"; };
		4440954E1BC5D684003D6D14 /* 24-gift@2x.png */ = {isa = PBXFileReference; lastKnownFileType = image.png; path = "24-gift@2x.png"; sourceTree = "<group>"; };
		4440954F1BC5D684003D6D14 /* 28-star.png */ = {isa = PBXFileReference; lastKnownFileType = image.png; path = "28-star.png"; sourceTree = "<group>"; };
		444095501BC5D684003D6D14 /* 28-star@2x.png */ = {isa = PBXFileReference; lastKnownFileType = image.png; path = "28-star@2x.png"; sourceTree = "<group>"; };
		444095511BC5D684003D6D14 /* 29-heart.png */ = {isa = PBXFileReference; lastKnownFileType = image.png; path = "29-heart.png"; sourceTree = "<group>"; };
		444095521BC5D684003D6D14 /* 29-heart@2x.png */ = {isa = PBXFileReference; lastKnownFileType = image.png; path = "29-heart@2x.png"; sourceTree = "<group>"; };
		444095531BC5D684003D6D14 /* 31-ipod.png */ = {isa = PBXFileReference; lastKnownFileType = image.png; path = "31-ipod.png"; sourceTree = "<group>"; };
		444095541BC5D684003D6D14 /* 31-ipod@2x.png */ = {isa = PBXFileReference; lastKnownFileType = image.png; path = "31-ipod@2x.png"; sourceTree = "<group>"; };
		444095551BC5D684003D6D14 /* 38-airplane.png */ = {isa = PBXFileReference; lastKnownFileType = image.png; path = "38-airplane.png"; sourceTree = "<group>"; };
		444095561BC5D684003D6D14 /* 38-airplane@2x.png */ = {isa = PBXFileReference; lastKnownFileType = image.png; path = "38-airplane@2x.png"; sourceTree = "<group>"; };
		444095571BC5D684003D6D14 /* bg_blocks.jpg */ = {isa = PBXFileReference; lastKnownFileType = image.jpeg; path = bg_blocks.jpg; sourceTree = "<group>"; };
		444095581BC5D684003D6D14 /* bg_flowers.jpg */ = {isa = PBXFileReference; lastKnownFileType = image.jpeg; path = bg_flowers.jpg; sourceTree = "<group>"; };
		444095591BC5D684003D6D14 /* bg_grass.jpg */ = {isa = PBXFileReference; lastKnownFileType = image.jpeg; path = bg_grass.jpg; sourceTree = "<group>"; };
		4440955A1BC5D684003D6D14 /* reveal-icon.png */ = {isa = PBXFileReference; lastKnownFileType = image.png; path = "reveal-icon.png"; sourceTree = "<group>"; };
		4440955B1BC5D684003D6D14 /* reveal-icon@2x.png */ = {isa = PBXFileReference; lastKnownFileType = image.png; path = "reveal-icon@2x.png"; sourceTree = "<group>"; };
		4440957A1BC5D737003D6D14 /* SWRevealViewController.h */ = {isa = PBXFileReference; fileEncoding = 4; lastKnownFileType = sourcecode.c.h; path = SWRevealViewController.h; sourceTree = "<group>"; };
		4440957B1BC5D737003D6D14 /* SWRevealViewController.m */ = {isa = PBXFileReference; fileEncoding = 4; lastKnownFileType = sourcecode.c.objc; path = SWRevealViewController.m; sourceTree = "<group>"; };
		4440957D1BC5DA01003D6D14 /* AppDelegate.h */ = {isa = PBXFileReference; lastKnownFileType = sourcecode.c.h; path = AppDelegate.h; sourceTree = "<group>"; };
		4440957E1BC5DA41003D6D14 /* AppDelegate.m */ = {isa = PBXFileReference; fileEncoding = 4; lastKnownFileType = sourcecode.c.objc; path = AppDelegate.m; sourceTree = "<group>"; };
/* End PBXFileReference section */

/* Begin PBXFrameworksBuildPhase section */
		444094FA1BC5D5CB003D6D14 /* Frameworks */ = {
=======
		4458E9161BA1D4680091256E /* FTW.app */ = {isa = PBXFileReference; explicitFileType = wrapper.application; includeInIndex = 0; path = FTW.app; sourceTree = BUILT_PRODUCTS_DIR; };
		4458E91A1BA1D4680091256E /* Info.plist */ = {isa = PBXFileReference; lastKnownFileType = text.plist.xml; path = Info.plist; sourceTree = "<group>"; };
		4458E91B1BA1D4680091256E /* main.m */ = {isa = PBXFileReference; lastKnownFileType = sourcecode.c.objc; path = main.m; sourceTree = "<group>"; };
		4458E91D1BA1D4680091256E /* AppDelegate.h */ = {isa = PBXFileReference; lastKnownFileType = sourcecode.c.h; path = AppDelegate.h; sourceTree = "<group>"; };
		4458E91E1BA1D4680091256E /* AppDelegate.m */ = {isa = PBXFileReference; lastKnownFileType = sourcecode.c.objc; path = AppDelegate.m; sourceTree = "<group>"; };
		4458E9201BA1D4680091256E /* ViewController.h */ = {isa = PBXFileReference; lastKnownFileType = sourcecode.c.h; path = ViewController.h; sourceTree = "<group>"; };
		4458E9211BA1D4680091256E /* ViewController.m */ = {isa = PBXFileReference; lastKnownFileType = sourcecode.c.objc; path = ViewController.m; sourceTree = "<group>"; };
		4458E9261BA1D4680091256E /* Images.xcassets */ = {isa = PBXFileReference; lastKnownFileType = folder.assetcatalog; path = Images.xcassets; sourceTree = "<group>"; };
		4458E9291BA1D4680091256E /* Base */ = {isa = PBXFileReference; lastKnownFileType = file.xib; name = Base; path = Base.lproj/LaunchScreen.xib; sourceTree = "<group>"; };
		4458E92F1BA1D4680091256E /* FTWTests.xctest */ = {isa = PBXFileReference; explicitFileType = wrapper.cfbundle; includeInIndex = 0; path = FTWTests.xctest; sourceTree = BUILT_PRODUCTS_DIR; };
		4458E9341BA1D4680091256E /* Info.plist */ = {isa = PBXFileReference; lastKnownFileType = text.plist.xml; path = Info.plist; sourceTree = "<group>"; };
		4458E9351BA1D4680091256E /* FTWTests.m */ = {isa = PBXFileReference; lastKnownFileType = sourcecode.c.objc; path = FTWTests.m; sourceTree = "<group>"; };
		4458E9401BA1D6DA0091256E /* splash.png */ = {isa = PBXFileReference; lastKnownFileType = image.png; name = splash.png; path = images/splash.png; sourceTree = "<group>"; };
/* End PBXFileReference section */

/* Begin PBXFrameworksBuildPhase section */
		4458E9131BA1D4680091256E /* Frameworks */ = {
>>>>>>> 92b589cad741fe021f91b4578923dd5281f18d93
			isa = PBXFrameworksBuildPhase;
			buildActionMask = 2147483647;
			files = (
			);
			runOnlyForDeploymentPostprocessing = 0;
		};
<<<<<<< HEAD
		444095131BC5D5CB003D6D14 /* Frameworks */ = {
			isa = PBXFrameworksBuildPhase;
			buildActionMask = 2147483647;
			files = (
			);
			runOnlyForDeploymentPostprocessing = 0;
		};
		4440951E1BC5D5CB003D6D14 /* Frameworks */ = {
=======
		4458E92C1BA1D4680091256E /* Frameworks */ = {
>>>>>>> 92b589cad741fe021f91b4578923dd5281f18d93
			isa = PBXFrameworksBuildPhase;
			buildActionMask = 2147483647;
			files = (
			);
			runOnlyForDeploymentPostprocessing = 0;
		};
/* End PBXFrameworksBuildPhase section */

/* Begin PBXGroup section */
<<<<<<< HEAD
		444094F41BC5D5CB003D6D14 = {
			isa = PBXGroup;
			children = (
				444095781BC5D6E6003D6D14 /* External */,
				444094FF1BC5D5CB003D6D14 /* FTW */,
				444094FE1BC5D5CB003D6D14 /* Products */,
			);
			sourceTree = "<group>";
		};
		444094FE1BC5D5CB003D6D14 /* Products */ = {
			isa = PBXGroup;
			children = (
				444094FD1BC5D5CB003D6D14 /* FTW.app */,
				444095161BC5D5CB003D6D14 /* FTWTests.xctest */,
				444095211BC5D5CB003D6D14 /* FTWUITests.xctest */,
=======
		4458E90D1BA1D4680091256E = {
			isa = PBXGroup;
			children = (
				4458E9181BA1D4680091256E /* FTW */,
				4458E9321BA1D4680091256E /* FTWTests */,
				4458E9171BA1D4680091256E /* Products */,
			);
			sourceTree = "<group>";
		};
		4458E9171BA1D4680091256E /* Products */ = {
			isa = PBXGroup;
			children = (
				4458E9161BA1D4680091256E /* FTW.app */,
				4458E92F1BA1D4680091256E /* FTWTests.xctest */,
>>>>>>> 92b589cad741fe021f91b4578923dd5281f18d93
			);
			name = Products;
			sourceTree = "<group>";
		};
<<<<<<< HEAD
		444094FF1BC5D5CB003D6D14 /* FTW */ = {
			isa = PBXGroup;
			children = (
				444095801BC5DC47003D6D14 /* ViewControllers */,
				444095341BC5D683003D6D14 /* Base.lproj */,
				4440953A1BC5D683003D6D14 /* en.lproj */,
				4440954A1BC5D684003D6D14 /* Resources */,
				444095001BC5D5CB003D6D14 /* Supporting Files */,
				444095391BC5D683003D6D14 /* Default-568h@2x.png */,
				444095111BC5D5CB003D6D14 /* Info.plist */,
				444095471BC5D683003D6D14 /* Project-Prefix.pch */,
				4440957D1BC5DA01003D6D14 /* AppDelegate.h */,
				4440957E1BC5DA41003D6D14 /* AppDelegate.m */,
=======
		4458E9181BA1D4680091256E /* FTW */ = {
			isa = PBXGroup;
			children = (
				4458E9431BA1D7F30091256E /* extra */,
				4458E93F1BA1D6BC0091256E /* images */,
				4458E91D1BA1D4680091256E /* AppDelegate.h */,
				4458E91E1BA1D4680091256E /* AppDelegate.m */,
				4458E9201BA1D4680091256E /* ViewController.h */,
				4458E9211BA1D4680091256E /* ViewController.m */,
				4458E9261BA1D4680091256E /* Images.xcassets */,
				4458E9281BA1D4680091256E /* LaunchScreen.xib */,
				4458E9191BA1D4680091256E /* Supporting Files */,
>>>>>>> 92b589cad741fe021f91b4578923dd5281f18d93
			);
			path = FTW;
			sourceTree = "<group>";
		};
<<<<<<< HEAD
		444095001BC5D5CB003D6D14 /* Supporting Files */ = {
			isa = PBXGroup;
			children = (
				444095011BC5D5CB003D6D14 /* main.m */,
=======
		4458E9191BA1D4680091256E /* Supporting Files */ = {
			isa = PBXGroup;
			children = (
				4458E91A1BA1D4680091256E /* Info.plist */,
				4458E91B1BA1D4680091256E /* main.m */,
>>>>>>> 92b589cad741fe021f91b4578923dd5281f18d93
			);
			name = "Supporting Files";
			sourceTree = "<group>";
		};
<<<<<<< HEAD
		444095341BC5D683003D6D14 /* Base.lproj */ = {
			isa = PBXGroup;
			children = (
				444095351BC5D683003D6D14 /* LaunchScreen.storyboard */,
				444095371BC5D683003D6D14 /* Main.storyboard */,
			);
			path = Base.lproj;
			sourceTree = "<group>";
		};
		4440953A1BC5D683003D6D14 /* en.lproj */ = {
			isa = PBXGroup;
			children = (
				4440953B1BC5D683003D6D14 /* FrontViewController.xib */,
				4440953D1BC5D683003D6D14 /* InfoPlist.strings */,
				4440953F1BC5D683003D6D14 /* MapViewController.xib */,
				444095411BC5D683003D6D14 /* RearViewController.xib */,
			);
			path = en.lproj;
			sourceTree = "<group>";
		};
		4440954A1BC5D684003D6D14 /* Resources */ = {
			isa = PBXGroup;
			children = (
				4440954B1BC5D684003D6D14 /* 21-skull.png */,
				4440954C1BC5D684003D6D14 /* 21-skull@2x.png */,
				4440954D1BC5D684003D6D14 /* 24-gift.png */,
				4440954E1BC5D684003D6D14 /* 24-gift@2x.png */,
				4440954F1BC5D684003D6D14 /* 28-star.png */,
				444095501BC5D684003D6D14 /* 28-star@2x.png */,
				444095511BC5D684003D6D14 /* 29-heart.png */,
				444095521BC5D684003D6D14 /* 29-heart@2x.png */,
				444095531BC5D684003D6D14 /* 31-ipod.png */,
				444095541BC5D684003D6D14 /* 31-ipod@2x.png */,
				444095551BC5D684003D6D14 /* 38-airplane.png */,
				444095561BC5D684003D6D14 /* 38-airplane@2x.png */,
				444095571BC5D684003D6D14 /* bg_blocks.jpg */,
				444095581BC5D684003D6D14 /* bg_flowers.jpg */,
				444095591BC5D684003D6D14 /* bg_grass.jpg */,
				4440955A1BC5D684003D6D14 /* reveal-icon.png */,
				4440955B1BC5D684003D6D14 /* reveal-icon@2x.png */,
			);
			path = Resources;
			sourceTree = "<group>";
		};
		444095781BC5D6E6003D6D14 /* External */ = {
			isa = PBXGroup;
			children = (
				444095791BC5D737003D6D14 /* SWRevealViewController */,
			);
			name = External;
			sourceTree = "<group>";
		};
		444095791BC5D737003D6D14 /* SWRevealViewController */ = {
			isa = PBXGroup;
			children = (
				4440957A1BC5D737003D6D14 /* SWRevealViewController.h */,
				4440957B1BC5D737003D6D14 /* SWRevealViewController.m */,
			);
			path = SWRevealViewController;
			sourceTree = "<group>";
		};
		444095801BC5DC47003D6D14 /* ViewControllers */ = {
			isa = PBXGroup;
			children = (
				444095431BC5D683003D6D14 /* FrontViewController.h */,
				444095441BC5D683003D6D14 /* FrontViewController.m */,
				444095451BC5D683003D6D14 /* MapViewController.h */,
				444095461BC5D683003D6D14 /* MapViewController.m */,
				444095481BC5D683003D6D14 /* RearViewController.h */,
				444095491BC5D684003D6D14 /* RearViewController.m */,
			);
			name = ViewControllers;
=======
		4458E9321BA1D4680091256E /* FTWTests */ = {
			isa = PBXGroup;
			children = (
				4458E9351BA1D4680091256E /* FTWTests.m */,
				4458E9331BA1D4680091256E /* Supporting Files */,
			);
			path = FTWTests;
			sourceTree = "<group>";
		};
		4458E9331BA1D4680091256E /* Supporting Files */ = {
			isa = PBXGroup;
			children = (
				4458E9341BA1D4680091256E /* Info.plist */,
			);
			name = "Supporting Files";
			sourceTree = "<group>";
		};
		4458E93F1BA1D6BC0091256E /* images */ = {
			isa = PBXGroup;
			children = (
				4458E9401BA1D6DA0091256E /* splash.png */,
			);
			name = images;
			sourceTree = "<group>";
		};
		4458E9431BA1D7F30091256E /* extra */ = {
			isa = PBXGroup;
			children = (
			);
			name = extra;
>>>>>>> 92b589cad741fe021f91b4578923dd5281f18d93
			sourceTree = "<group>";
		};
/* End PBXGroup section */

/* Begin PBXNativeTarget section */
<<<<<<< HEAD
		444094FC1BC5D5CB003D6D14 /* FTW */ = {
			isa = PBXNativeTarget;
			buildConfigurationList = 4440952A1BC5D5CB003D6D14 /* Build configuration list for PBXNativeTarget "FTW" */;
			buildPhases = (
				444094F91BC5D5CB003D6D14 /* Sources */,
				444094FA1BC5D5CB003D6D14 /* Frameworks */,
				444094FB1BC5D5CB003D6D14 /* Resources */,
=======
		4458E9151BA1D4680091256E /* FTW */ = {
			isa = PBXNativeTarget;
			buildConfigurationList = 4458E9391BA1D4680091256E /* Build configuration list for PBXNativeTarget "FTW" */;
			buildPhases = (
				4458E9121BA1D4680091256E /* Sources */,
				4458E9131BA1D4680091256E /* Frameworks */,
				4458E9141BA1D4680091256E /* Resources */,
>>>>>>> 92b589cad741fe021f91b4578923dd5281f18d93
			);
			buildRules = (
			);
			dependencies = (
			);
			name = FTW;
			productName = FTW;
<<<<<<< HEAD
			productReference = 444094FD1BC5D5CB003D6D14 /* FTW.app */;
			productType = "com.apple.product-type.application";
		};
		444095151BC5D5CB003D6D14 /* FTWTests */ = {
			isa = PBXNativeTarget;
			buildConfigurationList = 4440952D1BC5D5CB003D6D14 /* Build configuration list for PBXNativeTarget "FTWTests" */;
			buildPhases = (
				444095121BC5D5CB003D6D14 /* Sources */,
				444095131BC5D5CB003D6D14 /* Frameworks */,
				444095141BC5D5CB003D6D14 /* Resources */,
=======
			productReference = 4458E9161BA1D4680091256E /* FTW.app */;
			productType = "com.apple.product-type.application";
		};
		4458E92E1BA1D4680091256E /* FTWTests */ = {
			isa = PBXNativeTarget;
			buildConfigurationList = 4458E93C1BA1D4680091256E /* Build configuration list for PBXNativeTarget "FTWTests" */;
			buildPhases = (
				4458E92B1BA1D4680091256E /* Sources */,
				4458E92C1BA1D4680091256E /* Frameworks */,
				4458E92D1BA1D4680091256E /* Resources */,
>>>>>>> 92b589cad741fe021f91b4578923dd5281f18d93
			);
			buildRules = (
			);
			dependencies = (
<<<<<<< HEAD
				444095181BC5D5CB003D6D14 /* PBXTargetDependency */,
			);
			name = FTWTests;
			productName = FTWTests;
			productReference = 444095161BC5D5CB003D6D14 /* FTWTests.xctest */;
			productType = "com.apple.product-type.bundle.unit-test";
		};
		444095201BC5D5CB003D6D14 /* FTWUITests */ = {
			isa = PBXNativeTarget;
			buildConfigurationList = 444095301BC5D5CB003D6D14 /* Build configuration list for PBXNativeTarget "FTWUITests" */;
			buildPhases = (
				4440951D1BC5D5CB003D6D14 /* Sources */,
				4440951E1BC5D5CB003D6D14 /* Frameworks */,
				4440951F1BC5D5CB003D6D14 /* Resources */,
			);
			buildRules = (
			);
			dependencies = (
				444095231BC5D5CB003D6D14 /* PBXTargetDependency */,
			);
			name = FTWUITests;
			productName = FTWUITests;
			productReference = 444095211BC5D5CB003D6D14 /* FTWUITests.xctest */;
			productType = "com.apple.product-type.bundle.ui-testing";
		};
/* End PBXNativeTarget section */

/* Begin PBXProject section */
		444094F51BC5D5CB003D6D14 /* Project object */ = {
			isa = PBXProject;
			attributes = {
				LastUpgradeCheck = 0700;
				ORGANIZATIONNAME = "Jayesh Lata";
				TargetAttributes = {
					444094FC1BC5D5CB003D6D14 = {
						CreatedOnToolsVersion = 7.0.1;
					};
					444095151BC5D5CB003D6D14 = {
						CreatedOnToolsVersion = 7.0.1;
						TestTargetID = 444094FC1BC5D5CB003D6D14;
					};
					444095201BC5D5CB003D6D14 = {
						CreatedOnToolsVersion = 7.0.1;
						TestTargetID = 444094FC1BC5D5CB003D6D14;
					};
				};
			};
			buildConfigurationList = 444094F81BC5D5CB003D6D14 /* Build configuration list for PBXProject "FTW" */;
=======
				4458E9311BA1D4680091256E /* PBXTargetDependency */,
			);
			name = FTWTests;
			productName = FTWTests;
			productReference = 4458E92F1BA1D4680091256E /* FTWTests.xctest */;
			productType = "com.apple.product-type.bundle.unit-test";
		};
/* End PBXNativeTarget section */

/* Begin PBXProject section */
		4458E90E1BA1D4680091256E /* Project object */ = {
			isa = PBXProject;
			attributes = {
				LastUpgradeCheck = 0640;
				ORGANIZATIONNAME = "Jayesh Lata";
				TargetAttributes = {
					4458E9151BA1D4680091256E = {
						CreatedOnToolsVersion = 6.4;
					};
					4458E92E1BA1D4680091256E = {
						CreatedOnToolsVersion = 6.4;
						TestTargetID = 4458E9151BA1D4680091256E;
					};
				};
			};
			buildConfigurationList = 4458E9111BA1D4680091256E /* Build configuration list for PBXProject "FTW" */;
>>>>>>> 92b589cad741fe021f91b4578923dd5281f18d93
			compatibilityVersion = "Xcode 3.2";
			developmentRegion = English;
			hasScannedForEncodings = 0;
			knownRegions = (
				en,
				Base,
			);
<<<<<<< HEAD
			mainGroup = 444094F41BC5D5CB003D6D14;
			productRefGroup = 444094FE1BC5D5CB003D6D14 /* Products */;
			projectDirPath = "";
			projectRoot = "";
			targets = (
				444094FC1BC5D5CB003D6D14 /* FTW */,
				444095151BC5D5CB003D6D14 /* FTWTests */,
				444095201BC5D5CB003D6D14 /* FTWUITests */,
=======
			mainGroup = 4458E90D1BA1D4680091256E;
			productRefGroup = 4458E9171BA1D4680091256E /* Products */;
			projectDirPath = "";
			projectRoot = "";
			targets = (
				4458E9151BA1D4680091256E /* FTW */,
				4458E92E1BA1D4680091256E /* FTWTests */,
>>>>>>> 92b589cad741fe021f91b4578923dd5281f18d93
			);
		};
/* End PBXProject section */

/* Begin PBXResourcesBuildPhase section */
<<<<<<< HEAD
		444094FB1BC5D5CB003D6D14 /* Resources */ = {
			isa = PBXResourcesBuildPhase;
			buildActionMask = 2147483647;
			files = (
				4440956A1BC5D684003D6D14 /* 24-gift@2x.png in Resources */,
				444095681BC5D684003D6D14 /* 21-skull@2x.png in Resources */,
				444095731BC5D684003D6D14 /* bg_blocks.jpg in Resources */,
				444095601BC5D684003D6D14 /* FrontViewController.xib in Resources */,
				4440956D1BC5D684003D6D14 /* 29-heart.png in Resources */,
				444095751BC5D684003D6D14 /* bg_grass.jpg in Resources */,
				444095621BC5D684003D6D14 /* MapViewController.xib in Resources */,
				444095691BC5D684003D6D14 /* 24-gift.png in Resources */,
				4440956E1BC5D684003D6D14 /* 29-heart@2x.png in Resources */,
				4440956C1BC5D684003D6D14 /* 28-star@2x.png in Resources */,
				444095631BC5D684003D6D14 /* RearViewController.xib in Resources */,
				444095771BC5D684003D6D14 /* reveal-icon@2x.png in Resources */,
				444095711BC5D684003D6D14 /* 38-airplane.png in Resources */,
				4440955F1BC5D684003D6D14 /* Default-568h@2x.png in Resources */,
				4440956F1BC5D684003D6D14 /* 31-ipod.png in Resources */,
				444095611BC5D684003D6D14 /* InfoPlist.strings in Resources */,
				444095671BC5D684003D6D14 /* 21-skull.png in Resources */,
				444095741BC5D684003D6D14 /* bg_flowers.jpg in Resources */,
				444095701BC5D684003D6D14 /* 31-ipod@2x.png in Resources */,
				444095761BC5D684003D6D14 /* reveal-icon.png in Resources */,
				4440956B1BC5D684003D6D14 /* 28-star.png in Resources */,
				444095721BC5D684003D6D14 /* 38-airplane@2x.png in Resources */,
			);
			runOnlyForDeploymentPostprocessing = 0;
		};
		444095141BC5D5CB003D6D14 /* Resources */ = {
			isa = PBXResourcesBuildPhase;
			buildActionMask = 2147483647;
			files = (
			);
			runOnlyForDeploymentPostprocessing = 0;
		};
		4440951F1BC5D5CB003D6D14 /* Resources */ = {
=======
		4458E9141BA1D4680091256E /* Resources */ = {
			isa = PBXResourcesBuildPhase;
			buildActionMask = 2147483647;
			files = (
				4458E92A1BA1D4680091256E /* LaunchScreen.xib in Resources */,
				4458E9411BA1D6DA0091256E /* splash.png in Resources */,
				4458E9271BA1D4680091256E /* Images.xcassets in Resources */,
			);
			runOnlyForDeploymentPostprocessing = 0;
		};
		4458E92D1BA1D4680091256E /* Resources */ = {
>>>>>>> 92b589cad741fe021f91b4578923dd5281f18d93
			isa = PBXResourcesBuildPhase;
			buildActionMask = 2147483647;
			files = (
			);
			runOnlyForDeploymentPostprocessing = 0;
		};
/* End PBXResourcesBuildPhase section */

/* Begin PBXSourcesBuildPhase section */
<<<<<<< HEAD
		444094F91BC5D5CB003D6D14 /* Sources */ = {
			isa = PBXSourcesBuildPhase;
			buildActionMask = 2147483647;
			files = (
				4440957C1BC5D737003D6D14 /* SWRevealViewController.m in Sources */,
				444095641BC5D684003D6D14 /* FrontViewController.m in Sources */,
				444095651BC5D684003D6D14 /* MapViewController.m in Sources */,
				444095661BC5D684003D6D14 /* RearViewController.m in Sources */,
				4440957F1BC5DA41003D6D14 /* AppDelegate.m in Sources */,
				444095021BC5D5CB003D6D14 /* main.m in Sources */,
			);
			runOnlyForDeploymentPostprocessing = 0;
		};
		444095121BC5D5CB003D6D14 /* Sources */ = {
			isa = PBXSourcesBuildPhase;
			buildActionMask = 2147483647;
			files = (
			);
			runOnlyForDeploymentPostprocessing = 0;
		};
		4440951D1BC5D5CB003D6D14 /* Sources */ = {
			isa = PBXSourcesBuildPhase;
			buildActionMask = 2147483647;
			files = (
=======
		4458E9121BA1D4680091256E /* Sources */ = {
			isa = PBXSourcesBuildPhase;
			buildActionMask = 2147483647;
			files = (
				4458E9221BA1D4680091256E /* ViewController.m in Sources */,
				4458E91F1BA1D4680091256E /* AppDelegate.m in Sources */,
				4458E91C1BA1D4680091256E /* main.m in Sources */,
			);
			runOnlyForDeploymentPostprocessing = 0;
		};
		4458E92B1BA1D4680091256E /* Sources */ = {
			isa = PBXSourcesBuildPhase;
			buildActionMask = 2147483647;
			files = (
				4458E9361BA1D4680091256E /* FTWTests.m in Sources */,
>>>>>>> 92b589cad741fe021f91b4578923dd5281f18d93
			);
			runOnlyForDeploymentPostprocessing = 0;
		};
/* End PBXSourcesBuildPhase section */

/* Begin PBXTargetDependency section */
<<<<<<< HEAD
		444095181BC5D5CB003D6D14 /* PBXTargetDependency */ = {
			isa = PBXTargetDependency;
			target = 444094FC1BC5D5CB003D6D14 /* FTW */;
			targetProxy = 444095171BC5D5CB003D6D14 /* PBXContainerItemProxy */;
		};
		444095231BC5D5CB003D6D14 /* PBXTargetDependency */ = {
			isa = PBXTargetDependency;
			target = 444094FC1BC5D5CB003D6D14 /* FTW */;
			targetProxy = 444095221BC5D5CB003D6D14 /* PBXContainerItemProxy */;
=======
		4458E9311BA1D4680091256E /* PBXTargetDependency */ = {
			isa = PBXTargetDependency;
			target = 4458E9151BA1D4680091256E /* FTW */;
			targetProxy = 4458E9301BA1D4680091256E /* PBXContainerItemProxy */;
>>>>>>> 92b589cad741fe021f91b4578923dd5281f18d93
		};
/* End PBXTargetDependency section */

/* Begin PBXVariantGroup section */
<<<<<<< HEAD
		444095351BC5D683003D6D14 /* LaunchScreen.storyboard */ = {
			isa = PBXVariantGroup;
			children = (
				444095361BC5D683003D6D14 /* Base */,
			);
			name = LaunchScreen.storyboard;
			sourceTree = "<group>";
		};
		444095371BC5D683003D6D14 /* Main.storyboard */ = {
			isa = PBXVariantGroup;
			children = (
				444095381BC5D683003D6D14 /* Base */,
			);
			name = Main.storyboard;
			sourceTree = "<group>";
		};
		4440953B1BC5D683003D6D14 /* FrontViewController.xib */ = {
			isa = PBXVariantGroup;
			children = (
				4440953C1BC5D683003D6D14 /* en */,
			);
			name = FrontViewController.xib;
			sourceTree = "<group>";
		};
		4440953D1BC5D683003D6D14 /* InfoPlist.strings */ = {
			isa = PBXVariantGroup;
			children = (
				4440953E1BC5D683003D6D14 /* en */,
			);
			name = InfoPlist.strings;
			sourceTree = "<group>";
		};
		4440953F1BC5D683003D6D14 /* MapViewController.xib */ = {
			isa = PBXVariantGroup;
			children = (
				444095401BC5D683003D6D14 /* en */,
			);
			name = MapViewController.xib;
			sourceTree = "<group>";
		};
		444095411BC5D683003D6D14 /* RearViewController.xib */ = {
			isa = PBXVariantGroup;
			children = (
				444095421BC5D683003D6D14 /* en */,
			);
			name = RearViewController.xib;
=======
		4458E9281BA1D4680091256E /* LaunchScreen.xib */ = {
			isa = PBXVariantGroup;
			children = (
				4458E9291BA1D4680091256E /* Base */,
			);
			name = LaunchScreen.xib;
>>>>>>> 92b589cad741fe021f91b4578923dd5281f18d93
			sourceTree = "<group>";
		};
/* End PBXVariantGroup section */

/* Begin XCBuildConfiguration section */
<<<<<<< HEAD
		444095281BC5D5CB003D6D14 /* Debug */ = {
=======
		4458E9371BA1D4680091256E /* Debug */ = {
>>>>>>> 92b589cad741fe021f91b4578923dd5281f18d93
			isa = XCBuildConfiguration;
			buildSettings = {
				ALWAYS_SEARCH_USER_PATHS = NO;
				CLANG_CXX_LANGUAGE_STANDARD = "gnu++0x";
				CLANG_CXX_LIBRARY = "libc++";
				CLANG_ENABLE_MODULES = YES;
				CLANG_ENABLE_OBJC_ARC = YES;
				CLANG_WARN_BOOL_CONVERSION = YES;
				CLANG_WARN_CONSTANT_CONVERSION = YES;
				CLANG_WARN_DIRECT_OBJC_ISA_USAGE = YES_ERROR;
				CLANG_WARN_EMPTY_BODY = YES;
				CLANG_WARN_ENUM_CONVERSION = YES;
				CLANG_WARN_INT_CONVERSION = YES;
				CLANG_WARN_OBJC_ROOT_CLASS = YES_ERROR;
				CLANG_WARN_UNREACHABLE_CODE = YES;
				CLANG_WARN__DUPLICATE_METHOD_MATCH = YES;
				"CODE_SIGN_IDENTITY[sdk=iphoneos*]" = "iPhone Developer";
				COPY_PHASE_STRIP = NO;
<<<<<<< HEAD
				DEBUG_INFORMATION_FORMAT = dwarf;
				ENABLE_STRICT_OBJC_MSGSEND = YES;
				ENABLE_TESTABILITY = YES;
=======
				DEBUG_INFORMATION_FORMAT = "dwarf-with-dsym";
				ENABLE_STRICT_OBJC_MSGSEND = YES;
>>>>>>> 92b589cad741fe021f91b4578923dd5281f18d93
				GCC_C_LANGUAGE_STANDARD = gnu99;
				GCC_DYNAMIC_NO_PIC = NO;
				GCC_NO_COMMON_BLOCKS = YES;
				GCC_OPTIMIZATION_LEVEL = 0;
				GCC_PREPROCESSOR_DEFINITIONS = (
					"DEBUG=1",
					"$(inherited)",
				);
<<<<<<< HEAD
=======
				GCC_SYMBOLS_PRIVATE_EXTERN = NO;
>>>>>>> 92b589cad741fe021f91b4578923dd5281f18d93
				GCC_WARN_64_TO_32_BIT_CONVERSION = YES;
				GCC_WARN_ABOUT_RETURN_TYPE = YES_ERROR;
				GCC_WARN_UNDECLARED_SELECTOR = YES;
				GCC_WARN_UNINITIALIZED_AUTOS = YES_AGGRESSIVE;
				GCC_WARN_UNUSED_FUNCTION = YES;
				GCC_WARN_UNUSED_VARIABLE = YES;
<<<<<<< HEAD
				IPHONEOS_DEPLOYMENT_TARGET = 9.0;
=======
				IPHONEOS_DEPLOYMENT_TARGET = 8.4;
>>>>>>> 92b589cad741fe021f91b4578923dd5281f18d93
				MTL_ENABLE_DEBUG_INFO = YES;
				ONLY_ACTIVE_ARCH = YES;
				SDKROOT = iphoneos;
				TARGETED_DEVICE_FAMILY = "1,2";
			};
			name = Debug;
		};
<<<<<<< HEAD
		444095291BC5D5CB003D6D14 /* Release */ = {
=======
		4458E9381BA1D4680091256E /* Release */ = {
>>>>>>> 92b589cad741fe021f91b4578923dd5281f18d93
			isa = XCBuildConfiguration;
			buildSettings = {
				ALWAYS_SEARCH_USER_PATHS = NO;
				CLANG_CXX_LANGUAGE_STANDARD = "gnu++0x";
				CLANG_CXX_LIBRARY = "libc++";
				CLANG_ENABLE_MODULES = YES;
				CLANG_ENABLE_OBJC_ARC = YES;
				CLANG_WARN_BOOL_CONVERSION = YES;
				CLANG_WARN_CONSTANT_CONVERSION = YES;
				CLANG_WARN_DIRECT_OBJC_ISA_USAGE = YES_ERROR;
				CLANG_WARN_EMPTY_BODY = YES;
				CLANG_WARN_ENUM_CONVERSION = YES;
				CLANG_WARN_INT_CONVERSION = YES;
				CLANG_WARN_OBJC_ROOT_CLASS = YES_ERROR;
				CLANG_WARN_UNREACHABLE_CODE = YES;
				CLANG_WARN__DUPLICATE_METHOD_MATCH = YES;
				"CODE_SIGN_IDENTITY[sdk=iphoneos*]" = "iPhone Developer";
				COPY_PHASE_STRIP = NO;
				DEBUG_INFORMATION_FORMAT = "dwarf-with-dsym";
				ENABLE_NS_ASSERTIONS = NO;
				ENABLE_STRICT_OBJC_MSGSEND = YES;
				GCC_C_LANGUAGE_STANDARD = gnu99;
				GCC_NO_COMMON_BLOCKS = YES;
				GCC_WARN_64_TO_32_BIT_CONVERSION = YES;
				GCC_WARN_ABOUT_RETURN_TYPE = YES_ERROR;
				GCC_WARN_UNDECLARED_SELECTOR = YES;
				GCC_WARN_UNINITIALIZED_AUTOS = YES_AGGRESSIVE;
				GCC_WARN_UNUSED_FUNCTION = YES;
				GCC_WARN_UNUSED_VARIABLE = YES;
<<<<<<< HEAD
				IPHONEOS_DEPLOYMENT_TARGET = 9.0;
=======
				IPHONEOS_DEPLOYMENT_TARGET = 8.4;
>>>>>>> 92b589cad741fe021f91b4578923dd5281f18d93
				MTL_ENABLE_DEBUG_INFO = NO;
				SDKROOT = iphoneos;
				TARGETED_DEVICE_FAMILY = "1,2";
				VALIDATE_PRODUCT = YES;
			};
			name = Release;
		};
<<<<<<< HEAD
		4440952B1BC5D5CB003D6D14 /* Debug */ = {
=======
		4458E93A1BA1D4680091256E /* Debug */ = {
>>>>>>> 92b589cad741fe021f91b4578923dd5281f18d93
			isa = XCBuildConfiguration;
			buildSettings = {
				ASSETCATALOG_COMPILER_APPICON_NAME = AppIcon;
				INFOPLIST_FILE = FTW/Info.plist;
				LD_RUNPATH_SEARCH_PATHS = "$(inherited) @executable_path/Frameworks";
<<<<<<< HEAD
				PRODUCT_BUNDLE_IDENTIFIER = org.startupFTW.FTW;
=======
>>>>>>> 92b589cad741fe021f91b4578923dd5281f18d93
				PRODUCT_NAME = "$(TARGET_NAME)";
			};
			name = Debug;
		};
<<<<<<< HEAD
		4440952C1BC5D5CB003D6D14 /* Release */ = {
=======
		4458E93B1BA1D4680091256E /* Release */ = {
>>>>>>> 92b589cad741fe021f91b4578923dd5281f18d93
			isa = XCBuildConfiguration;
			buildSettings = {
				ASSETCATALOG_COMPILER_APPICON_NAME = AppIcon;
				INFOPLIST_FILE = FTW/Info.plist;
				LD_RUNPATH_SEARCH_PATHS = "$(inherited) @executable_path/Frameworks";
<<<<<<< HEAD
				PRODUCT_BUNDLE_IDENTIFIER = org.startupFTW.FTW;
=======
>>>>>>> 92b589cad741fe021f91b4578923dd5281f18d93
				PRODUCT_NAME = "$(TARGET_NAME)";
			};
			name = Release;
		};
<<<<<<< HEAD
		4440952E1BC5D5CB003D6D14 /* Debug */ = {
			isa = XCBuildConfiguration;
			buildSettings = {
				BUNDLE_LOADER = "$(TEST_HOST)";
				INFOPLIST_FILE = FTWTests/Info.plist;
				LD_RUNPATH_SEARCH_PATHS = "$(inherited) @executable_path/Frameworks @loader_path/Frameworks";
				PRODUCT_BUNDLE_IDENTIFIER = com.startupFTW.FTWTests;
=======
		4458E93D1BA1D4680091256E /* Debug */ = {
			isa = XCBuildConfiguration;
			buildSettings = {
				BUNDLE_LOADER = "$(TEST_HOST)";
				FRAMEWORK_SEARCH_PATHS = (
					"$(SDKROOT)/Developer/Library/Frameworks",
					"$(inherited)",
				);
				GCC_PREPROCESSOR_DEFINITIONS = (
					"DEBUG=1",
					"$(inherited)",
				);
				INFOPLIST_FILE = FTWTests/Info.plist;
				LD_RUNPATH_SEARCH_PATHS = "$(inherited) @executable_path/Frameworks @loader_path/Frameworks";
>>>>>>> 92b589cad741fe021f91b4578923dd5281f18d93
				PRODUCT_NAME = "$(TARGET_NAME)";
				TEST_HOST = "$(BUILT_PRODUCTS_DIR)/FTW.app/FTW";
			};
			name = Debug;
		};
<<<<<<< HEAD
		4440952F1BC5D5CB003D6D14 /* Release */ = {
			isa = XCBuildConfiguration;
			buildSettings = {
				BUNDLE_LOADER = "$(TEST_HOST)";
				INFOPLIST_FILE = FTWTests/Info.plist;
				LD_RUNPATH_SEARCH_PATHS = "$(inherited) @executable_path/Frameworks @loader_path/Frameworks";
				PRODUCT_BUNDLE_IDENTIFIER = com.startupFTW.FTWTests;
=======
		4458E93E1BA1D4680091256E /* Release */ = {
			isa = XCBuildConfiguration;
			buildSettings = {
				BUNDLE_LOADER = "$(TEST_HOST)";
				FRAMEWORK_SEARCH_PATHS = (
					"$(SDKROOT)/Developer/Library/Frameworks",
					"$(inherited)",
				);
				INFOPLIST_FILE = FTWTests/Info.plist;
				LD_RUNPATH_SEARCH_PATHS = "$(inherited) @executable_path/Frameworks @loader_path/Frameworks";
>>>>>>> 92b589cad741fe021f91b4578923dd5281f18d93
				PRODUCT_NAME = "$(TARGET_NAME)";
				TEST_HOST = "$(BUILT_PRODUCTS_DIR)/FTW.app/FTW";
			};
			name = Release;
		};
<<<<<<< HEAD
		444095311BC5D5CB003D6D14 /* Debug */ = {
			isa = XCBuildConfiguration;
			buildSettings = {
				INFOPLIST_FILE = FTWUITests/Info.plist;
				LD_RUNPATH_SEARCH_PATHS = "$(inherited) @executable_path/Frameworks @loader_path/Frameworks";
				PRODUCT_BUNDLE_IDENTIFIER = com.startupFTW.FTWUITests;
				PRODUCT_NAME = "$(TARGET_NAME)";
				TEST_TARGET_NAME = FTW;
				USES_XCTRUNNER = YES;
			};
			name = Debug;
		};
		444095321BC5D5CB003D6D14 /* Release */ = {
			isa = XCBuildConfiguration;
			buildSettings = {
				INFOPLIST_FILE = FTWUITests/Info.plist;
				LD_RUNPATH_SEARCH_PATHS = "$(inherited) @executable_path/Frameworks @loader_path/Frameworks";
				PRODUCT_BUNDLE_IDENTIFIER = com.startupFTW.FTWUITests;
				PRODUCT_NAME = "$(TARGET_NAME)";
				TEST_TARGET_NAME = FTW;
				USES_XCTRUNNER = YES;
			};
			name = Release;
		};
/* End XCBuildConfiguration section */

/* Begin XCConfigurationList section */
		444094F81BC5D5CB003D6D14 /* Build configuration list for PBXProject "FTW" */ = {
			isa = XCConfigurationList;
			buildConfigurations = (
				444095281BC5D5CB003D6D14 /* Debug */,
				444095291BC5D5CB003D6D14 /* Release */,
=======
/* End XCBuildConfiguration section */

/* Begin XCConfigurationList section */
		4458E9111BA1D4680091256E /* Build configuration list for PBXProject "FTW" */ = {
			isa = XCConfigurationList;
			buildConfigurations = (
				4458E9371BA1D4680091256E /* Debug */,
				4458E9381BA1D4680091256E /* Release */,
>>>>>>> 92b589cad741fe021f91b4578923dd5281f18d93
			);
			defaultConfigurationIsVisible = 0;
			defaultConfigurationName = Release;
		};
<<<<<<< HEAD
		4440952A1BC5D5CB003D6D14 /* Build configuration list for PBXNativeTarget "FTW" */ = {
			isa = XCConfigurationList;
			buildConfigurations = (
				4440952B1BC5D5CB003D6D14 /* Debug */,
				4440952C1BC5D5CB003D6D14 /* Release */,
			);
			defaultConfigurationIsVisible = 0;
		};
		4440952D1BC5D5CB003D6D14 /* Build configuration list for PBXNativeTarget "FTWTests" */ = {
			isa = XCConfigurationList;
			buildConfigurations = (
				4440952E1BC5D5CB003D6D14 /* Debug */,
				4440952F1BC5D5CB003D6D14 /* Release */,
			);
			defaultConfigurationIsVisible = 0;
		};
		444095301BC5D5CB003D6D14 /* Build configuration list for PBXNativeTarget "FTWUITests" */ = {
			isa = XCConfigurationList;
			buildConfigurations = (
				444095311BC5D5CB003D6D14 /* Debug */,
				444095321BC5D5CB003D6D14 /* Release */,
=======
		4458E9391BA1D4680091256E /* Build configuration list for PBXNativeTarget "FTW" */ = {
			isa = XCConfigurationList;
			buildConfigurations = (
				4458E93A1BA1D4680091256E /* Debug */,
				4458E93B1BA1D4680091256E /* Release */,
			);
			defaultConfigurationIsVisible = 0;
		};
		4458E93C1BA1D4680091256E /* Build configuration list for PBXNativeTarget "FTWTests" */ = {
			isa = XCConfigurationList;
			buildConfigurations = (
				4458E93D1BA1D4680091256E /* Debug */,
				4458E93E1BA1D4680091256E /* Release */,
>>>>>>> 92b589cad741fe021f91b4578923dd5281f18d93
			);
			defaultConfigurationIsVisible = 0;
		};
/* End XCConfigurationList section */
	};
<<<<<<< HEAD
	rootObject = 444094F51BC5D5CB003D6D14 /* Project object */;
=======
	rootObject = 4458E90E1BA1D4680091256E /* Project object */;
>>>>>>> 92b589cad741fe021f91b4578923dd5281f18d93
}
